// !$*UTF8*$!
{
	archiveVersion = 1;
	classes = {
	};
	objectVersion = 55;
	objects = {

/* Begin PBXBuildFile section */
		C4EBC1C8282385EF00CCB63B /* AppDelegate.swift in Sources */ = {isa = PBXBuildFile; fileRef = C4EBC1C7282385EF00CCB63B /* AppDelegate.swift */; };
		C4EBC1CA282385EF00CCB63B /* SceneDelegate.swift in Sources */ = {isa = PBXBuildFile; fileRef = C4EBC1C9282385EF00CCB63B /* SceneDelegate.swift */; };
		C4EBC1CC282385EF00CCB63B /* ViewController.swift in Sources */ = {isa = PBXBuildFile; fileRef = C4EBC1CB282385EF00CCB63B /* ViewController.swift */; };
		C4EBC1CF282385EF00CCB63B /* Main.storyboard in Resources */ = {isa = PBXBuildFile; fileRef = C4EBC1CD282385EF00CCB63B /* Main.storyboard */; };
		C4EBC1D1282385F300CCB63B /* Assets.xcassets in Resources */ = {isa = PBXBuildFile; fileRef = C4EBC1D0282385F300CCB63B /* Assets.xcassets */; };
		C4EBC1D4282385F300CCB63B /* LaunchScreen.storyboard in Resources */ = {isa = PBXBuildFile; fileRef = C4EBC1D2282385F300CCB63B /* LaunchScreen.storyboard */; };
		C4EBC1DF282385F400CCB63B /* ikidTests.swift in Sources */ = {isa = PBXBuildFile; fileRef = C4EBC1DE282385F400CCB63B /* ikidTests.swift */; };
		C4EBC1E9282385F400CCB63B /* ikidUITests.swift in Sources */ = {isa = PBXBuildFile; fileRef = C4EBC1E8282385F400CCB63B /* ikidUITests.swift */; };
		C4EBC1EB282385F400CCB63B /* ikidUITestsLaunchTests.swift in Sources */ = {isa = PBXBuildFile; fileRef = C4EBC1EA282385F400CCB63B /* ikidUITestsLaunchTests.swift */; };
		C4EBC1F8282447F500CCB63B /* JokeViewController.swift in Sources */ = {isa = PBXBuildFile; fileRef = C4EBC1F7282447F500CCB63B /* JokeViewController.swift */; };
		C4EBC1FA282447FC00CCB63B /* PunchlineViewController.swift in Sources */ = {isa = PBXBuildFile; fileRef = C4EBC1F9282447FC00CCB63B /* PunchlineViewController.swift */; };
/* End PBXBuildFile section */

/* Begin PBXContainerItemProxy section */
		C4EBC1DB282385F400CCB63B /* PBXContainerItemProxy */ = {
			isa = PBXContainerItemProxy;
			containerPortal = C4EBC1BC282385EF00CCB63B /* Project object */;
			proxyType = 1;
			remoteGlobalIDString = C4EBC1C3282385EF00CCB63B;
			remoteInfo = ikid;
		};
		C4EBC1E5282385F400CCB63B /* PBXContainerItemProxy */ = {
			isa = PBXContainerItemProxy;
			containerPortal = C4EBC1BC282385EF00CCB63B /* Project object */;
			proxyType = 1;
			remoteGlobalIDString = C4EBC1C3282385EF00CCB63B;
			remoteInfo = ikid;
		};
/* End PBXContainerItemProxy section */

/* Begin PBXFileReference section */
		C4EBC1C4282385EF00CCB63B /* ikid.app */ = {isa = PBXFileReference; explicitFileType = wrapper.application; includeInIndex = 0; path = ikid.app; sourceTree = BUILT_PRODUCTS_DIR; };
		C4EBC1C7282385EF00CCB63B /* AppDelegate.swift */ = {isa = PBXFileReference; lastKnownFileType = sourcecode.swift; path = AppDelegate.swift; sourceTree = "<group>"; };
		C4EBC1C9282385EF00CCB63B /* SceneDelegate.swift */ = {isa = PBXFileReference; lastKnownFileType = sourcecode.swift; path = SceneDelegate.swift; sourceTree = "<group>"; };
		C4EBC1CB282385EF00CCB63B /* ViewController.swift */ = {isa = PBXFileReference; lastKnownFileType = sourcecode.swift; path = ViewController.swift; sourceTree = "<group>"; };
		C4EBC1CE282385EF00CCB63B /* Base */ = {isa = PBXFileReference; lastKnownFileType = file.storyboard; name = Base; path = Base.lproj/Main.storyboard; sourceTree = "<group>"; };
		C4EBC1D0282385F300CCB63B /* Assets.xcassets */ = {isa = PBXFileReference; lastKnownFileType = folder.assetcatalog; path = Assets.xcassets; sourceTree = "<group>"; };
		C4EBC1D3282385F300CCB63B /* Base */ = {isa = PBXFileReference; lastKnownFileType = file.storyboard; name = Base; path = Base.lproj/LaunchScreen.storyboard; sourceTree = "<group>"; };
		C4EBC1D5282385F300CCB63B /* Info.plist */ = {isa = PBXFileReference; lastKnownFileType = text.plist.xml; path = Info.plist; sourceTree = "<group>"; };
		C4EBC1DA282385F400CCB63B /* ikidTests.xctest */ = {isa = PBXFileReference; explicitFileType = wrapper.cfbundle; includeInIndex = 0; path = ikidTests.xctest; sourceTree = BUILT_PRODUCTS_DIR; };
		C4EBC1DE282385F400CCB63B /* ikidTests.swift */ = {isa = PBXFileReference; lastKnownFileType = sourcecode.swift; path = ikidTests.swift; sourceTree = "<group>"; };
		C4EBC1E4282385F400CCB63B /* ikidUITests.xctest */ = {isa = PBXFileReference; explicitFileType = wrapper.cfbundle; includeInIndex = 0; path = ikidUITests.xctest; sourceTree = BUILT_PRODUCTS_DIR; };
		C4EBC1E8282385F400CCB63B /* ikidUITests.swift */ = {isa = PBXFileReference; lastKnownFileType = sourcecode.swift; path = ikidUITests.swift; sourceTree = "<group>"; };
		C4EBC1EA282385F400CCB63B /* ikidUITestsLaunchTests.swift */ = {isa = PBXFileReference; lastKnownFileType = sourcecode.swift; path = ikidUITestsLaunchTests.swift; sourceTree = "<group>"; };
		C4EBC1F7282447F500CCB63B /* JokeViewController.swift */ = {isa = PBXFileReference; lastKnownFileType = sourcecode.swift; path = JokeViewController.swift; sourceTree = "<group>"; };
		C4EBC1F9282447FC00CCB63B /* PunchlineViewController.swift */ = {isa = PBXFileReference; lastKnownFileType = sourcecode.swift; path = PunchlineViewController.swift; sourceTree = "<group>"; };
/* End PBXFileReference section */

/* Begin PBXFrameworksBuildPhase section */
		C4EBC1C1282385EF00CCB63B /* Frameworks */ = {
			isa = PBXFrameworksBuildPhase;
			buildActionMask = 2147483647;
			files = (
			);
			runOnlyForDeploymentPostprocessing = 0;
		};
		C4EBC1D7282385F400CCB63B /* Frameworks */ = {
			isa = PBXFrameworksBuildPhase;
			buildActionMask = 2147483647;
			files = (
			);
			runOnlyForDeploymentPostprocessing = 0;
		};
		C4EBC1E1282385F400CCB63B /* Frameworks */ = {
			isa = PBXFrameworksBuildPhase;
			buildActionMask = 2147483647;
			files = (
			);
			runOnlyForDeploymentPostprocessing = 0;
		};
/* End PBXFrameworksBuildPhase section */

/* Begin PBXGroup section */
		C4EBC1BB282385EF00CCB63B = {
			isa = PBXGroup;
			children = (
				C4EBC1C6282385EF00CCB63B /* ikid */,
				C4EBC1DD282385F400CCB63B /* ikidTests */,
				C4EBC1E7282385F400CCB63B /* ikidUITests */,
				C4EBC1C5282385EF00CCB63B /* Products */,
			);
			sourceTree = "<group>";
		};
		C4EBC1C5282385EF00CCB63B /* Products */ = {
			isa = PBXGroup;
			children = (
				C4EBC1C4282385EF00CCB63B /* ikid.app */,
				C4EBC1DA282385F400CCB63B /* ikidTests.xctest */,
				C4EBC1E4282385F400CCB63B /* ikidUITests.xctest */,
			);
			name = Products;
			sourceTree = "<group>";
		};
		C4EBC1C6282385EF00CCB63B /* ikid */ = {
			isa = PBXGroup;
			children = (
				C4EBC1C7282385EF00CCB63B /* AppDelegate.swift */,
				C4EBC1C9282385EF00CCB63B /* SceneDelegate.swift */,
				C4EBC1CB282385EF00CCB63B /* ViewController.swift */,
				C4EBC1F7282447F500CCB63B /* JokeViewController.swift */,
				C4EBC1F9282447FC00CCB63B /* PunchlineViewController.swift */,
				C4EBC1CD282385EF00CCB63B /* Main.storyboard */,
				C4EBC1D0282385F300CCB63B /* Assets.xcassets */,
				C4EBC1D2282385F300CCB63B /* LaunchScreen.storyboard */,
				C4EBC1D5282385F300CCB63B /* Info.plist */,
			);
			path = ikid;
			sourceTree = "<group>";
		};
		C4EBC1DD282385F400CCB63B /* ikidTests */ = {
			isa = PBXGroup;
			children = (
				C4EBC1DE282385F400CCB63B /* ikidTests.swift */,
			);
			path = ikidTests;
			sourceTree = "<group>";
		};
		C4EBC1E7282385F400CCB63B /* ikidUITests */ = {
			isa = PBXGroup;
			children = (
				C4EBC1E8282385F400CCB63B /* ikidUITests.swift */,
				C4EBC1EA282385F400CCB63B /* ikidUITestsLaunchTests.swift */,
			);
			path = ikidUITests;
			sourceTree = "<group>";
		};
/* End PBXGroup section */

/* Begin PBXNativeTarget section */
		C4EBC1C3282385EF00CCB63B /* ikid */ = {
			isa = PBXNativeTarget;
			buildConfigurationList = C4EBC1EE282385F400CCB63B /* Build configuration list for PBXNativeTarget "ikid" */;
			buildPhases = (
				C4EBC1C0282385EF00CCB63B /* Sources */,
				C4EBC1C1282385EF00CCB63B /* Frameworks */,
				C4EBC1C2282385EF00CCB63B /* Resources */,
			);
			buildRules = (
			);
			dependencies = (
			);
			name = ikid;
			productName = ikid;
			productReference = C4EBC1C4282385EF00CCB63B /* ikid.app */;
			productType = "com.apple.product-type.application";
		};
		C4EBC1D9282385F400CCB63B /* ikidTests */ = {
			isa = PBXNativeTarget;
			buildConfigurationList = C4EBC1F1282385F400CCB63B /* Build configuration list for PBXNativeTarget "ikidTests" */;
			buildPhases = (
				C4EBC1D6282385F400CCB63B /* Sources */,
				C4EBC1D7282385F400CCB63B /* Frameworks */,
				C4EBC1D8282385F400CCB63B /* Resources */,
			);
			buildRules = (
			);
			dependencies = (
				C4EBC1DC282385F400CCB63B /* PBXTargetDependency */,
			);
			name = ikidTests;
			productName = ikidTests;
			productReference = C4EBC1DA282385F400CCB63B /* ikidTests.xctest */;
			productType = "com.apple.product-type.bundle.unit-test";
		};
		C4EBC1E3282385F400CCB63B /* ikidUITests */ = {
			isa = PBXNativeTarget;
			buildConfigurationList = C4EBC1F4282385F400CCB63B /* Build configuration list for PBXNativeTarget "ikidUITests" */;
			buildPhases = (
				C4EBC1E0282385F400CCB63B /* Sources */,
				C4EBC1E1282385F400CCB63B /* Frameworks */,
				C4EBC1E2282385F400CCB63B /* Resources */,
			);
			buildRules = (
			);
			dependencies = (
				C4EBC1E6282385F400CCB63B /* PBXTargetDependency */,
			);
			name = ikidUITests;
			productName = ikidUITests;
			productReference = C4EBC1E4282385F400CCB63B /* ikidUITests.xctest */;
			productType = "com.apple.product-type.bundle.ui-testing";
		};
/* End PBXNativeTarget section */

/* Begin PBXProject section */
		C4EBC1BC282385EF00CCB63B /* Project object */ = {
			isa = PBXProject;
			attributes = {
				BuildIndependentTargetsInParallel = 1;
				LastSwiftUpdateCheck = 1330;
				LastUpgradeCheck = 1330;
				TargetAttributes = {
					C4EBC1C3282385EF00CCB63B = {
						CreatedOnToolsVersion = 13.3.1;
					};
					C4EBC1D9282385F400CCB63B = {
						CreatedOnToolsVersion = 13.3.1;
						TestTargetID = C4EBC1C3282385EF00CCB63B;
					};
					C4EBC1E3282385F400CCB63B = {
						CreatedOnToolsVersion = 13.3.1;
						TestTargetID = C4EBC1C3282385EF00CCB63B;
					};
				};
			};
			buildConfigurationList = C4EBC1BF282385EF00CCB63B /* Build configuration list for PBXProject "ikid" */;
			compatibilityVersion = "Xcode 13.0";
			developmentRegion = en;
			hasScannedForEncodings = 0;
			knownRegions = (
				en,
				Base,
			);
			mainGroup = C4EBC1BB282385EF00CCB63B;
			productRefGroup = C4EBC1C5282385EF00CCB63B /* Products */;
			projectDirPath = "";
			projectRoot = "";
			targets = (
				C4EBC1C3282385EF00CCB63B /* ikid */,
				C4EBC1D9282385F400CCB63B /* ikidTests */,
				C4EBC1E3282385F400CCB63B /* ikidUITests */,
			);
		};
/* End PBXProject section */

/* Begin PBXResourcesBuildPhase section */
		C4EBC1C2282385EF00CCB63B /* Resources */ = {
			isa = PBXResourcesBuildPhase;
			buildActionMask = 2147483647;
			files = (
				C4EBC1D4282385F300CCB63B /* LaunchScreen.storyboard in Resources */,
				C4EBC1D1282385F300CCB63B /* Assets.xcassets in Resources */,
				C4EBC1CF282385EF00CCB63B /* Main.storyboard in Resources */,
			);
			runOnlyForDeploymentPostprocessing = 0;
		};
		C4EBC1D8282385F400CCB63B /* Resources */ = {
			isa = PBXResourcesBuildPhase;
			buildActionMask = 2147483647;
			files = (
			);
			runOnlyForDeploymentPostprocessing = 0;
		};
		C4EBC1E2282385F400CCB63B /* Resources */ = {
			isa = PBXResourcesBuildPhase;
			buildActionMask = 2147483647;
			files = (
			);
			runOnlyForDeploymentPostprocessing = 0;
		};
/* End PBXResourcesBuildPhase section */

/* Begin PBXSourcesBuildPhase section */
		C4EBC1C0282385EF00CCB63B /* Sources */ = {
			isa = PBXSourcesBuildPhase;
			buildActionMask = 2147483647;
			files = (
				C4EBC1CC282385EF00CCB63B /* ViewController.swift in Sources */,
				C4EBC1C8282385EF00CCB63B /* AppDelegate.swift in Sources */,
				C4EBC1CA282385EF00CCB63B /* SceneDelegate.swift in Sources */,
				C4EBC1F8282447F500CCB63B /* JokeViewController.swift in Sources */,
				C4EBC1FA282447FC00CCB63B /* PunchlineViewController.swift in Sources */,
			);
			runOnlyForDeploymentPostprocessing = 0;
		};
		C4EBC1D6282385F400CCB63B /* Sources */ = {
			isa = PBXSourcesBuildPhase;
			buildActionMask = 2147483647;
			files = (
				C4EBC1DF282385F400CCB63B /* ikidTests.swift in Sources */,
			);
			runOnlyForDeploymentPostprocessing = 0;
		};
		C4EBC1E0282385F400CCB63B /* Sources */ = {
			isa = PBXSourcesBuildPhase;
			buildActionMask = 2147483647;
			files = (
				C4EBC1E9282385F400CCB63B /* ikidUITests.swift in Sources */,
				C4EBC1EB282385F400CCB63B /* ikidUITestsLaunchTests.swift in Sources */,
			);
			runOnlyForDeploymentPostprocessing = 0;
		};
/* End PBXSourcesBuildPhase section */

/* Begin PBXTargetDependency section */
		C4EBC1DC282385F400CCB63B /* PBXTargetDependency */ = {
			isa = PBXTargetDependency;
			target = C4EBC1C3282385EF00CCB63B /* ikid */;
			targetProxy = C4EBC1DB282385F400CCB63B /* PBXContainerItemProxy */;
		};
		C4EBC1E6282385F400CCB63B /* PBXTargetDependency */ = {
			isa = PBXTargetDependency;
			target = C4EBC1C3282385EF00CCB63B /* ikid */;
			targetProxy = C4EBC1E5282385F400CCB63B /* PBXContainerItemProxy */;
		};
/* End PBXTargetDependency section */

/* Begin PBXVariantGroup section */
		C4EBC1CD282385EF00CCB63B /* Main.storyboard */ = {
			isa = PBXVariantGroup;
			children = (
				C4EBC1CE282385EF00CCB63B /* Base */,
			);
			name = Main.storyboard;
			sourceTree = "<group>";
		};
		C4EBC1D2282385F300CCB63B /* LaunchScreen.storyboard */ = {
			isa = PBXVariantGroup;
			children = (
				C4EBC1D3282385F300CCB63B /* Base */,
			);
			name = LaunchScreen.storyboard;
			sourceTree = "<group>";
		};
/* End PBXVariantGroup section */

/* Begin XCBuildConfiguration section */
		C4EBC1EC282385F400CCB63B /* Debug */ = {
			isa = XCBuildConfiguration;
			buildSettings = {
				ALWAYS_SEARCH_USER_PATHS = NO;
				CLANG_ANALYZER_NONNULL = YES;
				CLANG_ANALYZER_NUMBER_OBJECT_CONVERSION = YES_AGGRESSIVE;
				CLANG_CXX_LANGUAGE_STANDARD = "gnu++17";
				CLANG_ENABLE_MODULES = YES;
				CLANG_ENABLE_OBJC_ARC = YES;
				CLANG_ENABLE_OBJC_WEAK = YES;
				CLANG_WARN_BLOCK_CAPTURE_AUTORELEASING = YES;
				CLANG_WARN_BOOL_CONVERSION = YES;
				CLANG_WARN_COMMA = YES;
				CLANG_WARN_CONSTANT_CONVERSION = YES;
				CLANG_WARN_DEPRECATED_OBJC_IMPLEMENTATIONS = YES;
				CLANG_WARN_DIRECT_OBJC_ISA_USAGE = YES_ERROR;
				CLANG_WARN_DOCUMENTATION_COMMENTS = YES;
				CLANG_WARN_EMPTY_BODY = YES;
				CLANG_WARN_ENUM_CONVERSION = YES;
				CLANG_WARN_INFINITE_RECURSION = YES;
				CLANG_WARN_INT_CONVERSION = YES;
				CLANG_WARN_NON_LITERAL_NULL_CONVERSION = YES;
				CLANG_WARN_OBJC_IMPLICIT_RETAIN_SELF = YES;
				CLANG_WARN_OBJC_LITERAL_CONVERSION = YES;
				CLANG_WARN_OBJC_ROOT_CLASS = YES_ERROR;
				CLANG_WARN_QUOTED_INCLUDE_IN_FRAMEWORK_HEADER = YES;
				CLANG_WARN_RANGE_LOOP_ANALYSIS = YES;
				CLANG_WARN_STRICT_PROTOTYPES = YES;
				CLANG_WARN_SUSPICIOUS_MOVE = YES;
				CLANG_WARN_UNGUARDED_AVAILABILITY = YES_AGGRESSIVE;
				CLANG_WARN_UNREACHABLE_CODE = YES;
				CLANG_WARN__DUPLICATE_METHOD_MATCH = YES;
				COPY_PHASE_STRIP = NO;
				DEBUG_INFORMATION_FORMAT = dwarf;
				ENABLE_STRICT_OBJC_MSGSEND = YES;
				ENABLE_TESTABILITY = YES;
				GCC_C_LANGUAGE_STANDARD = gnu11;
				GCC_DYNAMIC_NO_PIC = NO;
				GCC_NO_COMMON_BLOCKS = YES;
				GCC_OPTIMIZATION_LEVEL = 0;
				GCC_PREPROCESSOR_DEFINITIONS = (
					"DEBUG=1",
					"$(inherited)",
				);
				GCC_WARN_64_TO_32_BIT_CONVERSION = YES;
				GCC_WARN_ABOUT_RETURN_TYPE = YES_ERROR;
				GCC_WARN_UNDECLARED_SELECTOR = YES;
				GCC_WARN_UNINITIALIZED_AUTOS = YES_AGGRESSIVE;
				GCC_WARN_UNUSED_FUNCTION = YES;
				GCC_WARN_UNUSED_VARIABLE = YES;
				IPHONEOS_DEPLOYMENT_TARGET = 15.4;
				MTL_ENABLE_DEBUG_INFO = INCLUDE_SOURCE;
				MTL_FAST_MATH = YES;
				ONLY_ACTIVE_ARCH = YES;
				SDKROOT = iphoneos;
				SWIFT_ACTIVE_COMPILATION_CONDITIONS = DEBUG;
				SWIFT_OPTIMIZATION_LEVEL = "-Onone";
			};
			name = Debug;
		};
		C4EBC1ED282385F400CCB63B /* Release */ = {
			isa = XCBuildConfiguration;
			buildSettings = {
				ALWAYS_SEARCH_USER_PATHS = NO;
				CLANG_ANALYZER_NONNULL = YES;
				CLANG_ANALYZER_NUMBER_OBJECT_CONVERSION = YES_AGGRESSIVE;
				CLANG_CXX_LANGUAGE_STANDARD = "gnu++17";
				CLANG_ENABLE_MODULES = YES;
				CLANG_ENABLE_OBJC_ARC = YES;
				CLANG_ENABLE_OBJC_WEAK = YES;
				CLANG_WARN_BLOCK_CAPTURE_AUTORELEASING = YES;
				CLANG_WARN_BOOL_CONVERSION = YES;
				CLANG_WARN_COMMA = YES;
				CLANG_WARN_CONSTANT_CONVERSION = YES;
				CLANG_WARN_DEPRECATED_OBJC_IMPLEMENTATIONS = YES;
				CLANG_WARN_DIRECT_OBJC_ISA_USAGE = YES_ERROR;
				CLANG_WARN_DOCUMENTATION_COMMENTS = YES;
				CLANG_WARN_EMPTY_BODY = YES;
				CLANG_WARN_ENUM_CONVERSION = YES;
				CLANG_WARN_INFINITE_RECURSION = YES;
				CLANG_WARN_INT_CONVERSION = YES;
				CLANG_WARN_NON_LITERAL_NULL_CONVERSION = YES;
				CLANG_WARN_OBJC_IMPLICIT_RETAIN_SELF = YES;
				CLANG_WARN_OBJC_LITERAL_CONVERSION = YES;
				CLANG_WARN_OBJC_ROOT_CLASS = YES_ERROR;
				CLANG_WARN_QUOTED_INCLUDE_IN_FRAMEWORK_HEADER = YES;
				CLANG_WARN_RANGE_LOOP_ANALYSIS = YES;
				CLANG_WARN_STRICT_PROTOTYPES = YES;
				CLANG_WARN_SUSPICIOUS_MOVE = YES;
				CLANG_WARN_UNGUARDED_AVAILABILITY = YES_AGGRESSIVE;
				CLANG_WARN_UNREACHABLE_CODE = YES;
				CLANG_WARN__DUPLICATE_METHOD_MATCH = YES;
				COPY_PHASE_STRIP = NO;
				DEBUG_INFORMATION_FORMAT = "dwarf-with-dsym";
				ENABLE_NS_ASSERTIONS = NO;
				ENABLE_STRICT_OBJC_MSGSEND = YES;
				GCC_C_LANGUAGE_STANDARD = gnu11;
				GCC_NO_COMMON_BLOCKS = YES;
				GCC_WARN_64_TO_32_BIT_CONVERSION = YES;
				GCC_WARN_ABOUT_RETURN_TYPE = YES_ERROR;
				GCC_WARN_UNDECLARED_SELECTOR = YES;
				GCC_WARN_UNINITIALIZED_AUTOS = YES_AGGRESSIVE;
				GCC_WARN_UNUSED_FUNCTION = YES;
				GCC_WARN_UNUSED_VARIABLE = YES;
				IPHONEOS_DEPLOYMENT_TARGET = 15.4;
				MTL_ENABLE_DEBUG_INFO = NO;
				MTL_FAST_MATH = YES;
				SDKROOT = iphoneos;
				SWIFT_COMPILATION_MODE = wholemodule;
				SWIFT_OPTIMIZATION_LEVEL = "-O";
				VALIDATE_PRODUCT = YES;
			};
			name = Release;
		};
		C4EBC1EF282385F400CCB63B /* Debug */ = {
			isa = XCBuildConfiguration;
			buildSettings = {
				ASSETCATALOG_COMPILER_APPICON_NAME = AppIcon;
				ASSETCATALOG_COMPILER_GLOBAL_ACCENT_COLOR_NAME = AccentColor;
				CODE_SIGN_STYLE = Automatic;
				CURRENT_PROJECT_VERSION = 1;
				DEVELOPMENT_TEAM = 7XV777MNWD;
				GENERATE_INFOPLIST_FILE = YES;
				INFOPLIST_FILE = ikid/Info.plist;
				INFOPLIST_KEY_UIApplicationSupportsIndirectInputEvents = YES;
				INFOPLIST_KEY_UILaunchStoryboardName = LaunchScreen;
				INFOPLIST_KEY_UIMainStoryboardFile = Main;
				INFOPLIST_KEY_UISupportedInterfaceOrientations_iPad = "UIInterfaceOrientationPortrait UIInterfaceOrientationPortraitUpsideDown UIInterfaceOrientationLandscapeLeft UIInterfaceOrientationLandscapeRight";
				INFOPLIST_KEY_UISupportedInterfaceOrientations_iPhone = "UIInterfaceOrientationPortrait UIInterfaceOrientationLandscapeLeft UIInterfaceOrientationLandscapeRight";
				LD_RUNPATH_SEARCH_PATHS = (
					"$(inherited)",
					"@executable_path/Frameworks",
				);
				MARKETING_VERSION = 1.0;
				PRODUCT_BUNDLE_IDENTIFIER = com.mkaryadi.ikid;
				PRODUCT_NAME = "$(TARGET_NAME)";
				SWIFT_EMIT_LOC_STRINGS = YES;
				SWIFT_VERSION = 5.0;
				TARGETED_DEVICE_FAMILY = "1,2";
			};
			name = Debug;
		};
		C4EBC1F0282385F400CCB63B /* Release */ = {
			isa = XCBuildConfiguration;
			buildSettings = {
				ASSETCATALOG_COMPILER_APPICON_NAME = AppIcon;
				ASSETCATALOG_COMPILER_GLOBAL_ACCENT_COLOR_NAME = AccentColor;
				CODE_SIGN_STYLE = Automatic;
				CURRENT_PROJECT_VERSION = 1;
				DEVELOPMENT_TEAM = 7XV777MNWD;
				GENERATE_INFOPLIST_FILE = YES;
				INFOPLIST_FILE = ikid/Info.plist;
				INFOPLIST_KEY_UIApplicationSupportsIndirectInputEvents = YES;
				INFOPLIST_KEY_UILaunchStoryboardName = LaunchScreen;
				INFOPLIST_KEY_UIMainStoryboardFile = Main;
				INFOPLIST_KEY_UISupportedInterfaceOrientations_iPad = "UIInterfaceOrientationPortrait UIInterfaceOrientationPortraitUpsideDown UIInterfaceOrientationLandscapeLeft UIInterfaceOrientationLandscapeRight";
				INFOPLIST_KEY_UISupportedInterfaceOrientations_iPhone = "UIInterfaceOrientationPortrait UIInterfaceOrientationLandscapeLeft UIInterfaceOrientationLandscapeRight";
				LD_RUNPATH_SEARCH_PATHS = (
					"$(inherited)",
					"@executable_path/Frameworks",
				);
				MARKETING_VERSION = 1.0;
				PRODUCT_BUNDLE_IDENTIFIER = com.mkaryadi.ikid;
				PRODUCT_NAME = "$(TARGET_NAME)";
				SWIFT_EMIT_LOC_STRINGS = YES;
				SWIFT_VERSION = 5.0;
				TARGETED_DEVICE_FAMILY = "1,2";
			};
			name = Release;
		};
		C4EBC1F2282385F400CCB63B /* Debug */ = {
			isa = XCBuildConfiguration;
			buildSettings = {
				ALWAYS_EMBED_SWIFT_STANDARD_LIBRARIES = YES;
				BUNDLE_LOADER = "$(TEST_HOST)";
				CODE_SIGN_STYLE = Automatic;
				CURRENT_PROJECT_VERSION = 1;
				DEVELOPMENT_TEAM = 7XV777MNWD;
				GENERATE_INFOPLIST_FILE = YES;
				IPHONEOS_DEPLOYMENT_TARGET = 15.4;
				MARKETING_VERSION = 1.0;
				PRODUCT_BUNDLE_IDENTIFIER = com.mkaryadi.ikidTests;
				PRODUCT_NAME = "$(TARGET_NAME)";
				SWIFT_EMIT_LOC_STRINGS = NO;
				SWIFT_VERSION = 5.0;
				TARGETED_DEVICE_FAMILY = "1,2";
				TEST_HOST = "$(BUILT_PRODUCTS_DIR)/ikid.app/ikid";
			};
			name = Debug;
		};
		C4EBC1F3282385F400CCB63B /* Release */ = {
			isa = XCBuildConfiguration;
			buildSettings = {
				ALWAYS_EMBED_SWIFT_STANDARD_LIBRARIES = YES;
				BUNDLE_LOADER = "$(TEST_HOST)";
				CODE_SIGN_STYLE = Automatic;
				CURRENT_PROJECT_VERSION = 1;
				DEVELOPMENT_TEAM = 7XV777MNWD;
				GENERATE_INFOPLIST_FILE = YES;
				IPHONEOS_DEPLOYMENT_TARGET = 15.4;
				MARKETING_VERSION = 1.0;
				PRODUCT_BUNDLE_IDENTIFIER = com.mkaryadi.ikidTests;
				PRODUCT_NAME = "$(TARGET_NAME)";
				SWIFT_EMIT_LOC_STRINGS = NO;
				SWIFT_VERSION = 5.0;
				TARGETED_DEVICE_FAMILY = "1,2";
				TEST_HOST = "$(BUILT_PRODUCTS_DIR)/ikid.app/ikid";
			};
			name = Release;
		};
		C4EBC1F5282385F400CCB63B /* Debug */ = {
			isa = XCBuildConfiguration;
			buildSettings = {
				ALWAYS_EMBED_SWIFT_STANDARD_LIBRARIES = YES;
				CODE_SIGN_STYLE = Automatic;
				CURRENT_PROJECT_VERSION = 1;
				DEVELOPMENT_TEAM = 7XV777MNWD;
				GENERATE_INFOPLIST_FILE = YES;
				MARKETING_VERSION = 1.0;
				PRODUCT_BUNDLE_IDENTIFIER = com.mkaryadi.ikidUITests;
				PRODUCT_NAME = "$(TARGET_NAME)";
				SWIFT_EMIT_LOC_STRINGS = NO;
				SWIFT_VERSION = 5.0;
				TARGETED_DEVICE_FAMILY = "1,2";
				TEST_TARGET_NAME = ikid;
			};
			name = Debug;
		};
		C4EBC1F6282385F400CCB63B /* Release */ = {
			isa = XCBuildConfiguration;
			buildSettings = {
				ALWAYS_EMBED_SWIFT_STANDARD_LIBRARIES = YES;
				CODE_SIGN_STYLE = Automatic;
				CURRENT_PROJECT_VERSION = 1;
				DEVELOPMENT_TEAM = 7XV777MNWD;
				GENERATE_INFOPLIST_FILE = YES;
				MARKETING_VERSION = 1.0;
				PRODUCT_BUNDLE_IDENTIFIER = com.mkaryadi.ikidUITests;
				PRODUCT_NAME = "$(TARGET_NAME)";
				SWIFT_EMIT_LOC_STRINGS = NO;
				SWIFT_VERSION = 5.0;
				TARGETED_DEVICE_FAMILY = "1,2";
				TEST_TARGET_NAME = ikid;
			};
			name = Release;
		};
/* End XCBuildConfiguration section */

/* Begin XCConfigurationList section */
		C4EBC1BF282385EF00CCB63B /* Build configuration list for PBXProject "ikid" */ = {
			isa = XCConfigurationList;
			buildConfigurations = (
				C4EBC1EC282385F400CCB63B /* Debug */,
				C4EBC1ED282385F400CCB63B /* Release */,
			);
			defaultConfigurationIsVisible = 0;
			defaultConfigurationName = Release;
		};
		C4EBC1EE282385F400CCB63B /* Build configuration list for PBXNativeTarget "ikid" */ = {
			isa = XCConfigurationList;
			buildConfigurations = (
				C4EBC1EF282385F400CCB63B /* Debug */,
				C4EBC1F0282385F400CCB63B /* Release */,
			);
			defaultConfigurationIsVisible = 0;
			defaultConfigurationName = Release;
		};
		C4EBC1F1282385F400CCB63B /* Build configuration list for PBXNativeTarget "ikidTests" */ = {
			isa = XCConfigurationList;
			buildConfigurations = (
				C4EBC1F2282385F400CCB63B /* Debug */,
				C4EBC1F3282385F400CCB63B /* Release */,
			);
			defaultConfigurationIsVisible = 0;
			defaultConfigurationName = Release;
		};
		C4EBC1F4282385F400CCB63B /* Build configuration list for PBXNativeTarget "ikidUITests" */ = {
			isa = XCConfigurationList;
			buildConfigurations = (
				C4EBC1F5282385F400CCB63B /* Debug */,
				C4EBC1F6282385F400CCB63B /* Release */,
			);
			defaultConfigurationIsVisible = 0;
			defaultConfigurationName = Release;
		};
/* End XCConfigurationList section */
	};
	rootObject = C4EBC1BC282385EF00CCB63B /* Project object */;
}
